{
  "requires": true,
  "lockfileVersion": 1,
  "dependencies": {
    "jquery-modal": {
      "version": "0.9.1",
      "resolved": "https://registry.npmjs.org/jquery-modal/-/jquery-modal-0.9.1.tgz",
      "integrity": "sha512-04C0nhhFBDkFt3VUQaZDOXWPifpJHm8JjhgydePV1drI9ZvOTkIRLVOzCy2mo5/bcWqPU8UhLq4L6Pdex//lvw=="
    }
  }
}
